{
  "name": "mr-pointclound-pts-converter",
  "version": "1.0.0",
  "lockfileVersion": 2,
  "requires": true,
  "packages": {
    "": {
      "name": "mr-pointclound-pts-converter",
      "version": "1.0.0",
      "license": "MIT",
      "dependencies": {
        "oboe": "^2.1.5"
      }
    },
    "node_modules/http-https": {
      "version": "1.0.0",
      "resolved": "https://registry.npmjs.org/http-https/-/http-https-1.0.0.tgz",
      "integrity": "sha1-L5CN1fHbQGjAWM1ubUzjkskTOJs="
    },
    "node_modules/oboe": {
      "version": "2.1.5",
      "resolved": "https://registry.npmjs.org/oboe/-/oboe-2.1.5.tgz",
      "integrity": "sha1-VVQoTFQ6ImbXo48X4HOCH73jk80=",
      "dependencies": {
        "http-https": "^1.0.0"
      }
    }
  },
  "dependencies": {
    "http-https": {
      "version": "1.0.0",
      "resolved": "https://registry.npmjs.org/http-https/-/http-https-1.0.0.tgz",
      "integrity": "sha1-L5CN1fHbQGjAWM1ubUzjkskTOJs="
    },
    "oboe": {
      "version": "2.1.5",
      "resolved": "https://registry.npmjs.org/oboe/-/oboe-2.1.5.tgz",
      "integrity": "sha1-VVQoTFQ6ImbXo48X4HOCH73jk80=",
      "requires": {
        "http-https": "^1.0.0"
      }
    }
  }
}
